<?xml version="1.0" encoding="utf-8"?>
<Project ToolsVersion="4.0" xmlns="http://schemas.microsoft.com/developer/msbuild/2003">
  <ItemGroup>
    <Filter Include="Source Files">
      <UniqueIdentifier>{4FC737F1-C7A5-4376-A066-2A32D752A2FF}</UniqueIdentifier>
      <Extensions>cpp;c;cc;cxx;c++;cppm;ixx;def;odl;idl;hpj;bat;asm;asmx</Extensions>
    </Filter>
    <Filter Include="Header Files">
      <UniqueIdentifier>{93995380-89BD-4b04-88EB-625FBE52EBFB}</UniqueIdentifier>
      <Extensions>h;hh;hpp;hxx;h++;hm;inl;inc;ipp;xsd</Extensions>
    </Filter>
    <Filter Include="Resource Files">
      <UniqueIdentifier>{67DA6AB6-F800-4c08-8B7A-83BB121AAD01}</UniqueIdentifier>
      <Extensions>rc;ico;cur;bmp;dlg;rc2;rct;bin;rgs;gif;jpg;jpeg;jpe;resx;tiff;tif;png;wav;mfcribbon-ms</Extensions>
    </Filter>
    <Filter Include="Source Files\init">
      <UniqueIdentifier>{cb8e1a3a-5daa-486c-b024-a9d67c9b483f}</UniqueIdentifier>
    </Filter>
    <Filter Include="Source Files\display">
      <UniqueIdentifier>{b499f127-e0da-4797-bfcf-83762b194c1e}</UniqueIdentifier>
    </Filter>
    <Filter Include="Source Files\generation">
      <UniqueIdentifier>{49d1bc25-cb68-4c0f-912a-04e24ea2e41c}</UniqueIdentifier>
    </Filter>
    <Filter Include="Source Files\calculate">
      <UniqueIdentifier>{db488e75-2a4d-48ae-bf58-0fde99aa8f20}</UniqueIdentifier>
    </Filter>
    <Filter Include="Source Files\update">
      <UniqueIdentifier>{307a4cd3-0393-4e22-b429-af2a3cee956d}</UniqueIdentifier>
    </Filter>
  </ItemGroup>
  <ItemGroup>
    <ClInclude Include="Header.h">
      <Filter>Header Files</Filter>
    </ClInclude>
  </ItemGroup>
  <ItemGroup>
    <ClCompile Include="main.c">
      <Filter>Source Files</Filter>
    </ClCompile>
    <ClCompile Include="nbStationsOptimal.c">
      <Filter>Source Files</Filter>
    </ClCompile>
    <ClCompile Include="initCouts.c">
      <Filter>Source Files\init</Filter>
    </ClCompile>
    <ClCompile Include="affichageCouts.c">
      <Filter>Source Files\display</Filter>
    </ClCompile>
    <ClCompile Include="calculCoutsStationInnocupée.c">
      <Filter>Source Files\calculate</Filter>
    </ClCompile>
    <ClCompile Include="calculCoutsClientAFinis.c">
      <Filter>Source Files\calculate</Filter>
    </ClCompile>
    <ClCompile Include="rechercheCoutsParHeure.c">
      <Filter>Source Files\calculate</Filter>
    </ClCompile>
    <ClCompile Include="calculEnFonctionTemps.c">
      <Filter>Source Files\calculate</Filter>
    </ClCompile>
    <ClCompile Include="genererDuree.c">
      <Filter>Source Files\generation</Filter>
    </ClCompile>
    <ClCompile Include="nombreAléatoire.c">
      <Filter>Source Files\generation</Filter>
    </ClCompile>
    <ClCompile Include="loiPoisson.c">
      <Filter>Source Files\generation</Filter>
    </ClCompile>
    <ClCompile Include="affichageStations.c">
      <Filter>Source Files\display</Filter>
    </ClCompile>
    <ClCompile Include="affichageFile.c">
      <Filter>Source Files\display</Filter>
    </ClCompile>
    <ClCompile Include="rechercheMin.c">
      <Filter>Source Files\calculate</Filter>
    </ClCompile>
    <ClCompile Include="initStations.c">
      <Filter>Source Files\init</Filter>
    </ClCompile>
    <ClCompile Include="majFile.c">
      <Filter>Source Files\update</Filter>
    </ClCompile>
    <ClCompile Include="majStations.c">
      <Filter>Source Files\update</Filter>
    </ClCompile>
    <ClCompile Include="libérerClientStation.c">
      <Filter>Source Files\update</Filter>
    </ClCompile>
    <ClCompile Include="genererArrivees.c">
      <Filter>Source Files\generation</Filter>
    </ClCompile>
    <ClCompile Include="arriveePrioritaire.c">
      <Filter>Source Files\generation</Filter>
    </ClCompile>
    <ClCompile Include="arriveeOrdinaire.c">
      <Filter>Source Files\generation</Filter>
    </ClCompile>
    <ClCompile Include="ajoutClientFile.c">
      <Filter>Source Files\update</Filter>
    </ClCompile>
    <ClCompile Include="clientImpartientPart.c">
      <Filter>Source Files\update</Filter>
    </ClCompile>
    <ClCompile Include="retirerClientFile.c">
      <Filter>Source Files\update</Filter>
    </ClCompile>
    <ClCompile Include="coutDepartClientImpatient.c">
      <Filter>Source Files\calculate</Filter>
    </ClCompile>
  </ItemGroup>
</Project>